// !$*UTF8*$!
{
	archiveVersion = 1;
	classes = {
	};
	objectVersion = 55;
	objects = {

/* Begin PBXBuildFile section */
		AEA36AE3280F9656002E65A7 /* BoxedDockApp.swift in Sources */ = {isa = PBXBuildFile; fileRef = AEA36AE2280F9656002E65A7 /* BoxedDockApp.swift */; };
		AEA36AE5280F9656002E65A7 /* ContentView.swift in Sources */ = {isa = PBXBuildFile; fileRef = AEA36AE4280F9656002E65A7 /* ContentView.swift */; };
		AEA36AE7280F9657002E65A7 /* Assets.xcassets in Resources */ = {isa = PBXBuildFile; fileRef = AEA36AE6280F9657002E65A7 /* Assets.xcassets */; };
		AEA36AEA280F9657002E65A7 /* Preview Assets.xcassets in Resources */ = {isa = PBXBuildFile; fileRef = AEA36AE9280F9657002E65A7 /* Preview Assets.xcassets */; };
		AEA36AF2280F96BE002E65A7 /* AppDelegate.swift in Sources */ = {isa = PBXBuildFile; fileRef = AEA36AF1280F96BE002E65A7 /* AppDelegate.swift */; };
		AEA36AF828157BF7002E65A7 /* Hotkey.swift in Sources */ = {isa = PBXBuildFile; fileRef = AEA36AF728157BF7002E65A7 /* Hotkey.swift */; };
/* End PBXBuildFile section */

/* Begin PBXFileReference section */
		AEA36ADF280F9656002E65A7 /* BoxedDock.app */ = {isa = PBXFileReference; explicitFileType = wrapper.application; includeInIndex = 0; path = BoxedDock.app; sourceTree = BUILT_PRODUCTS_DIR; };
		AEA36AE2280F9656002E65A7 /* BoxedDockApp.swift */ = {isa = PBXFileReference; lastKnownFileType = sourcecode.swift; path = BoxedDockApp.swift; sourceTree = "<group>"; };
		AEA36AE4280F9656002E65A7 /* ContentView.swift */ = {isa = PBXFileReference; lastKnownFileType = sourcecode.swift; path = ContentView.swift; sourceTree = "<group>"; };
		AEA36AE6280F9657002E65A7 /* Assets.xcassets */ = {isa = PBXFileReference; lastKnownFileType = folder.assetcatalog; path = Assets.xcassets; sourceTree = "<group>"; };
		AEA36AE9280F9657002E65A7 /* Preview Assets.xcassets */ = {isa = PBXFileReference; lastKnownFileType = folder.assetcatalog; path = "Preview Assets.xcassets"; sourceTree = "<group>"; };
		AEA36AEB280F9657002E65A7 /* BoxedDock.entitlements */ = {isa = PBXFileReference; lastKnownFileType = text.plist.entitlements; path = BoxedDock.entitlements; sourceTree = "<group>"; };
		AEA36AF1280F96BE002E65A7 /* AppDelegate.swift */ = {isa = PBXFileReference; lastKnownFileType = sourcecode.swift; path = AppDelegate.swift; sourceTree = "<group>"; };
		AEA36AF728157BF7002E65A7 /* Hotkey.swift */ = {isa = PBXFileReference; lastKnownFileType = sourcecode.swift; path = Hotkey.swift; sourceTree = "<group>"; };
/* End PBXFileReference section */

/* Begin PBXFrameworksBuildPhase section */
		AEA36ADC280F9656002E65A7 /* Frameworks */ = {
			isa = PBXFrameworksBuildPhase;
			buildActionMask = 2147483647;
			files = (
			);
			runOnlyForDeploymentPostprocessing = 0;
		};
/* End PBXFrameworksBuildPhase section */

/* Begin PBXGroup section */
		AEA36AD6280F9656002E65A7 = {
			isa = PBXGroup;
			children = (
				AEA36AE1280F9656002E65A7 /* BoxedDock */,
				AEA36AE0280F9656002E65A7 /* Products */,
			);
			sourceTree = "<group>";
		};
		AEA36AE0280F9656002E65A7 /* Products */ = {
			isa = PBXGroup;
			children = (
				AEA36ADF280F9656002E65A7 /* BoxedDock.app */,
			);
			name = Products;
			sourceTree = "<group>";
		};
		AEA36AE1280F9656002E65A7 /* BoxedDock */ = {
			isa = PBXGroup;
			children = (
				AEA36AE2280F9656002E65A7 /* BoxedDockApp.swift */,
				AEA36AE4280F9656002E65A7 /* ContentView.swift */,
				AEA36AE6280F9657002E65A7 /* Assets.xcassets */,
				AEA36AEB280F9657002E65A7 /* BoxedDock.entitlements */,
				AEA36AE8280F9657002E65A7 /* Preview Content */,
				AEA36AF1280F96BE002E65A7 /* AppDelegate.swift */,
				AEA36AF728157BF7002E65A7 /* Hotkey.swift */,
			);
			path = BoxedDock;
			sourceTree = "<group>";
		};
		AEA36AE8280F9657002E65A7 /* Preview Content */ = {
			isa = PBXGroup;
			children = (
				AEA36AE9280F9657002E65A7 /* Preview Assets.xcassets */,
			);
			path = "Preview Content";
			sourceTree = "<group>";
		};
/* End PBXGroup section */

/* Begin PBXNativeTarget section */
		AEA36ADE280F9656002E65A7 /* BoxedDock */ = {
			isa = PBXNativeTarget;
			buildConfigurationList = AEA36AEE280F9657002E65A7 /* Build configuration list for PBXNativeTarget "BoxedDock" */;
			buildPhases = (
				AEA36ADB280F9656002E65A7 /* Sources */,
				AEA36ADC280F9656002E65A7 /* Frameworks */,
				AEA36ADD280F9656002E65A7 /* Resources */,
			);
			buildRules = (
			);
			dependencies = (
			);
			name = BoxedDock;
			productName = BoxedDock;
			productReference = AEA36ADF280F9656002E65A7 /* BoxedDock.app */;
			productType = "com.apple.product-type.application";
		};
/* End PBXNativeTarget section */

/* Begin PBXProject section */
		AEA36AD7280F9656002E65A7 /* Project object */ = {
			isa = PBXProject;
			attributes = {
				BuildIndependentTargetsInParallel = 1;
				LastSwiftUpdateCheck = 1330;
				LastUpgradeCheck = 1330;
				TargetAttributes = {
					AEA36ADE280F9656002E65A7 = {
						CreatedOnToolsVersion = 13.3.1;
					};
				};
			};
			buildConfigurationList = AEA36ADA280F9656002E65A7 /* Build configuration list for PBXProject "BoxedDock" */;
			compatibilityVersion = "Xcode 13.0";
			developmentRegion = en;
			hasScannedForEncodings = 0;
			knownRegions = (
				en,
				Base,
			);
			mainGroup = AEA36AD6280F9656002E65A7;
			productRefGroup = AEA36AE0280F9656002E65A7 /* Products */;
			projectDirPath = "";
			projectRoot = "";
			targets = (
				AEA36ADE280F9656002E65A7 /* BoxedDock */,
			);
		};
/* End PBXProject section */

/* Begin PBXResourcesBuildPhase section */
		AEA36ADD280F9656002E65A7 /* Resources */ = {
			isa = PBXResourcesBuildPhase;
			buildActionMask = 2147483647;
			files = (
				AEA36AEA280F9657002E65A7 /* Preview Assets.xcassets in Resources */,
				AEA36AE7280F9657002E65A7 /* Assets.xcassets in Resources */,
			);
			runOnlyForDeploymentPostprocessing = 0;
		};
/* End PBXResourcesBuildPhase section */

/* Begin PBXSourcesBuildPhase section */
		AEA36ADB280F9656002E65A7 /* Sources */ = {
			isa = PBXSourcesBuildPhase;
			buildActionMask = 2147483647;
			files = (
				AEA36AF2280F96BE002E65A7 /* AppDelegate.swift in Sources */,
				AEA36AE5280F9656002E65A7 /* ContentView.swift in Sources */,
				AEA36AE3280F9656002E65A7 /* BoxedDockApp.swift in Sources */,
				AEA36AF828157BF7002E65A7 /* Hotkey.swift in Sources */,
			);
			runOnlyForDeploymentPostprocessing = 0;
		};
/* End PBXSourcesBuildPhase section */

/* Begin XCBuildConfiguration section */
		AEA36AEC280F9657002E65A7 /* Debug */ = {
			isa = XCBuildConfiguration;
			buildSettings = {
				ALWAYS_SEARCH_USER_PATHS = NO;
				CLANG_ANALYZER_NONNULL = YES;
				CLANG_ANALYZER_NUMBER_OBJECT_CONVERSION = YES_AGGRESSIVE;
				CLANG_CXX_LANGUAGE_STANDARD = "gnu++17";
				CLANG_ENABLE_MODULES = YES;
				CLANG_ENABLE_OBJC_ARC = YES;
				CLANG_ENABLE_OBJC_WEAK = YES;
				CLANG_WARN_BLOCK_CAPTURE_AUTORELEASING = YES;
				CLANG_WARN_BOOL_CONVERSION = YES;
				CLANG_WARN_COMMA = YES;
				CLANG_WARN_CONSTANT_CONVERSION = YES;
				CLANG_WARN_DEPRECATED_OBJC_IMPLEMENTATIONS = YES;
				CLANG_WARN_DIRECT_OBJC_ISA_USAGE = YES_ERROR;
				CLANG_WARN_DOCUMENTATION_COMMENTS = YES;
				CLANG_WARN_EMPTY_BODY = YES;
				CLANG_WARN_ENUM_CONVERSION = YES;
				CLANG_WARN_INFINITE_RECURSION = YES;
				CLANG_WARN_INT_CONVERSION = YES;
				CLANG_WARN_NON_LITERAL_NULL_CONVERSION = YES;
				CLANG_WARN_OBJC_IMPLICIT_RETAIN_SELF = YES;
				CLANG_WARN_OBJC_LITERAL_CONVERSION = YES;
				CLANG_WARN_OBJC_ROOT_CLASS = YES_ERROR;
				CLANG_WARN_QUOTED_INCLUDE_IN_FRAMEWORK_HEADER = YES;
				CLANG_WARN_RANGE_LOOP_ANALYSIS = YES;
				CLANG_WARN_STRICT_PROTOTYPES = YES;
				CLANG_WARN_SUSPICIOUS_MOVE = YES;
				CLANG_WARN_UNGUARDED_AVAILABILITY = YES_AGGRESSIVE;
				CLANG_WARN_UNREACHABLE_CODE = YES;
				CLANG_WARN__DUPLICATE_METHOD_MATCH = YES;
				COPY_PHASE_STRIP = NO;
				DEBUG_INFORMATION_FORMAT = dwarf;
				ENABLE_STRICT_OBJC_MSGSEND = YES;
				ENABLE_TESTABILITY = YES;
				GCC_C_LANGUAGE_STANDARD = gnu11;
				GCC_DYNAMIC_NO_PIC = NO;
				GCC_NO_COMMON_BLOCKS = YES;
				GCC_OPTIMIZATION_LEVEL = 0;
				GCC_PREPROCESSOR_DEFINITIONS = (
					"DEBUG=1",
					"$(inherited)",
				);
				GCC_WARN_64_TO_32_BIT_CONVERSION = YES;
				GCC_WARN_ABOUT_RETURN_TYPE = YES_ERROR;
				GCC_WARN_UNDECLARED_SELECTOR = YES;
				GCC_WARN_UNINITIALIZED_AUTOS = YES_AGGRESSIVE;
				GCC_WARN_UNUSED_FUNCTION = YES;
				GCC_WARN_UNUSED_VARIABLE = YES;
				MACOSX_DEPLOYMENT_TARGET = 12.0;
				MTL_ENABLE_DEBUG_INFO = INCLUDE_SOURCE;
				MTL_FAST_MATH = YES;
				ONLY_ACTIVE_ARCH = YES;
				SDKROOT = macosx;
				SWIFT_ACTIVE_COMPILATION_CONDITIONS = DEBUG;
				SWIFT_OPTIMIZATION_LEVEL = "-Onone";
			};
			name = Debug;
		};
		AEA36AED280F9657002E65A7 /* Release */ = {
			isa = XCBuildConfiguration;
			buildSettings = {
				ALWAYS_SEARCH_USER_PATHS = NO;
				CLANG_ANALYZER_NONNULL = YES;
				CLANG_ANALYZER_NUMBER_OBJECT_CONVERSION = YES_AGGRESSIVE;
				CLANG_CXX_LANGUAGE_STANDARD = "gnu++17";
				CLANG_ENABLE_MODULES = YES;
				CLANG_ENABLE_OBJC_ARC = YES;
				CLANG_ENABLE_OBJC_WEAK = YES;
				CLANG_WARN_BLOCK_CAPTURE_AUTORELEASING = YES;
				CLANG_WARN_BOOL_CONVERSION = YES;
				CLANG_WARN_COMMA = YES;
				CLANG_WARN_CONSTANT_CONVERSION = YES;
				CLANG_WARN_DEPRECATED_OBJC_IMPLEMENTATIONS = YES;
				CLANG_WARN_DIRECT_OBJC_ISA_USAGE = YES_ERROR;
				CLANG_WARN_DOCUMENTATION_COMMENTS = YES;
				CLANG_WARN_EMPTY_BODY = YES;
				CLANG_WARN_ENUM_CONVERSION = YES;
				CLANG_WARN_INFINITE_RECURSION = YES;
				CLANG_WARN_INT_CONVERSION = YES;
				CLANG_WARN_NON_LITERAL_NULL_CONVERSION = YES;
				CLANG_WARN_OBJC_IMPLICIT_RETAIN_SELF = YES;
				CLANG_WARN_OBJC_LITERAL_CONVERSION = YES;
				CLANG_WARN_OBJC_ROOT_CLASS = YES_ERROR;
				CLANG_WARN_QUOTED_INCLUDE_IN_FRAMEWORK_HEADER = YES;
				CLANG_WARN_RANGE_LOOP_ANALYSIS = YES;
				CLANG_WARN_STRICT_PROTOTYPES = YES;
				CLANG_WARN_SUSPICIOUS_MOVE = YES;
				CLANG_WARN_UNGUARDED_AVAILABILITY = YES_AGGRESSIVE;
				CLANG_WARN_UNREACHABLE_CODE = YES;
				CLANG_WARN__DUPLICATE_METHOD_MATCH = YES;
				COPY_PHASE_STRIP = NO;
				DEBUG_INFORMATION_FORMAT = "dwarf-with-dsym";
				ENABLE_NS_ASSERTIONS = NO;
				ENABLE_STRICT_OBJC_MSGSEND = YES;
				GCC_C_LANGUAGE_STANDARD = gnu11;
				GCC_NO_COMMON_BLOCKS = YES;
				GCC_WARN_64_TO_32_BIT_CONVERSION = YES;
				GCC_WARN_ABOUT_RETURN_TYPE = YES_ERROR;
				GCC_WARN_UNDECLARED_SELECTOR = YES;
				GCC_WARN_UNINITIALIZED_AUTOS = YES_AGGRESSIVE;
				GCC_WARN_UNUSED_FUNCTION = YES;
				GCC_WARN_UNUSED_VARIABLE = YES;
				MACOSX_DEPLOYMENT_TARGET = 12.0;
				MTL_ENABLE_DEBUG_INFO = NO;
				MTL_FAST_MATH = YES;
				SDKROOT = macosx;
				SWIFT_COMPILATION_MODE = wholemodule;
				SWIFT_OPTIMIZATION_LEVEL = "-O";
			};
			name = Release;
		};
		AEA36AEF280F9657002E65A7 /* Debug */ = {
			isa = XCBuildConfiguration;
			buildSettings = {
				ASSETCATALOG_COMPILER_APPICON_NAME = AppIcon;
				ASSETCATALOG_COMPILER_GLOBAL_ACCENT_COLOR_NAME = AccentColor;
				CODE_SIGN_ENTITLEMENTS = BoxedDock/BoxedDock.entitlements;
				CODE_SIGN_STYLE = Automatic;
				COMBINE_HIDPI_IMAGES = YES;
				CURRENT_PROJECT_VERSION = 1;
				DEVELOPMENT_ASSET_PATHS = "\"BoxedDock/Preview Content\"";
				DEVELOPMENT_TEAM = B6FVY827P9;
				ENABLE_HARDENED_RUNTIME = YES;
				ENABLE_PREVIEWS = YES;
				GENERATE_INFOPLIST_FILE = YES;
				INFOPLIST_KEY_NSHumanReadableCopyright = "";
				LD_RUNPATH_SEARCH_PATHS = (
					"$(inherited)",
					"@executable_path/../Frameworks",
				);
				MARKETING_VERSION = 1.0;
				PRODUCT_BUNDLE_IDENTIFIER = net.kodare.BoxedDock;
				PRODUCT_NAME = "$(TARGET_NAME)";
				SWIFT_EMIT_LOC_STRINGS = YES;
				SWIFT_VERSION = 5.0;
			};
			name = Debug;
		};
		AEA36AF0280F9657002E65A7 /* Release */ = {
			isa = XCBuildConfiguration;
			buildSettings = {
				ASSETCATALOG_COMPILER_APPICON_NAME = AppIcon;
				ASSETCATALOG_COMPILER_GLOBAL_ACCENT_COLOR_NAME = AccentColor;
				CODE_SIGN_ENTITLEMENTS = BoxedDock/BoxedDock.entitlements;
				CODE_SIGN_STYLE = Automatic;
				COMBINE_HIDPI_IMAGES = YES;
				CURRENT_PROJECT_VERSION = 1;
				DEVELOPMENT_ASSET_PATHS = "\"BoxedDock/Preview Content\"";
				DEVELOPMENT_TEAM = B6FVY827P9;
				ENABLE_HARDENED_RUNTIME = YES;
				ENABLE_PREVIEWS = YES;
				GENERATE_INFOPLIST_FILE = YES;
				INFOPLIST_KEY_NSHumanReadableCopyright = "";
				LD_RUNPATH_SEARCH_PATHS = (
					"$(inherited)",
					"@executable_path/../Frameworks",
				);
				MARKETING_VERSION = 1.0;
				PRODUCT_BUNDLE_IDENTIFIER = net.kodare.BoxedDock;
				PRODUCT_NAME = "$(TARGET_NAME)";
				SWIFT_EMIT_LOC_STRINGS = YES;
				SWIFT_VERSION = 5.0;
			};
			name = Release;
		};
/* End XCBuildConfiguration section */

/* Begin XCConfigurationList section */
		AEA36ADA280F9656002E65A7 /* Build configuration list for PBXProject "BoxedDock" */ = {
			isa = XCConfigurationList;
			buildConfigurations = (
				AEA36AEC280F9657002E65A7 /* Debug */,
				AEA36AED280F9657002E65A7 /* Release */,
			);
			defaultConfigurationIsVisible = 0;
			defaultConfigurationName = Release;
		};
		AEA36AEE280F9657002E65A7 /* Build configuration list for PBXNativeTarget "BoxedDock" */ = {
			isa = XCConfigurationList;
			buildConfigurations = (
				AEA36AEF280F9657002E65A7 /* Debug */,
				AEA36AF0280F9657002E65A7 /* Release */,
			);
			defaultConfigurationIsVisible = 0;
			defaultConfigurationName = Release;
		};
/* End XCConfigurationList section */
	};
	rootObject = AEA36AD7280F9656002E65A7 /* Project object */;
}
